{
  "object": {
    "pins": [
      {
        "package": "Rainbow",
        "repositoryURL": "https://github.com/onevcat/Rainbow",
        "state": {
          "branch": null,
          "revision": "7737750b25a9cb4174c7567bef11d175715a824f",
          "version": "3.1.2"
        }
      }
    ]
  },
  "version": 1
}
